// !$*UTF8*$!
{
	archiveVersion = 1;
	classes = {
	};
	objectVersion = 50;
	objects = {

/* Begin PBXBuildFile section */
		285325BD2655276600677651 /* AppDelegate.swift in Sources */ = {isa = PBXBuildFile; fileRef = 285325BC2655276600677651 /* AppDelegate.swift */; };
		285325BF2655276600677651 /* SceneDelegate.swift in Sources */ = {isa = PBXBuildFile; fileRef = 285325BE2655276600677651 /* SceneDelegate.swift */; };
		285325C42655276600677651 /* Main.storyboard in Resources */ = {isa = PBXBuildFile; fileRef = 285325C22655276600677651 /* Main.storyboard */; };
		285325C62655276800677651 /* Assets.xcassets in Resources */ = {isa = PBXBuildFile; fileRef = 285325C52655276800677651 /* Assets.xcassets */; };
		285325C92655276800677651 /* LaunchScreen.storyboard in Resources */ = {isa = PBXBuildFile; fileRef = 285325C72655276800677651 /* LaunchScreen.storyboard */; };
		285325D42655309B00677651 /* MainViewController.swift in Sources */ = {isa = PBXBuildFile; fileRef = 285325D32655309B00677651 /* MainViewController.swift */; };
		285325D7265530B100677651 /* ComposeViewController.swift in Sources */ = {isa = PBXBuildFile; fileRef = 285325D6265530B100677651 /* ComposeViewController.swift */; };
		285325DA265530B900677651 /* DetailViewController.swift in Sources */ = {isa = PBXBuildFile; fileRef = 285325D9265530B900677651 /* DetailViewController.swift */; };
		285325DD2655314B00677651 /* Memo.swift in Sources */ = {isa = PBXBuildFile; fileRef = 285325DC2655314B00677651 /* Memo.swift */; };
		285325E42655319E00677651 /* Storage.swift in Sources */ = {isa = PBXBuildFile; fileRef = 285325E32655319E00677651 /* Storage.swift */; };
		285325E72655322300677651 /* MainViewControllerTableViewCell.swift in Sources */ = {isa = PBXBuildFile; fileRef = 285325E62655322300677651 /* MainViewControllerTableViewCell.swift */; };
/* End PBXBuildFile section */

/* Begin PBXFileReference section */
		285325B92655276600677651 /* SimpleMemo.app */ = {isa = PBXFileReference; explicitFileType = wrapper.application; includeInIndex = 0; path = SimpleMemo.app; sourceTree = BUILT_PRODUCTS_DIR; };
		285325BC2655276600677651 /* AppDelegate.swift */ = {isa = PBXFileReference; lastKnownFileType = sourcecode.swift; path = AppDelegate.swift; sourceTree = "<group>"; };
		285325BE2655276600677651 /* SceneDelegate.swift */ = {isa = PBXFileReference; lastKnownFileType = sourcecode.swift; path = SceneDelegate.swift; sourceTree = "<group>"; };
		285325C32655276600677651 /* Base */ = {isa = PBXFileReference; lastKnownFileType = file.storyboard; name = Base; path = Base.lproj/Main.storyboard; sourceTree = "<group>"; };
		285325C52655276800677651 /* Assets.xcassets */ = {isa = PBXFileReference; lastKnownFileType = folder.assetcatalog; path = Assets.xcassets; sourceTree = "<group>"; };
		285325C82655276800677651 /* Base */ = {isa = PBXFileReference; lastKnownFileType = file.storyboard; name = Base; path = Base.lproj/LaunchScreen.storyboard; sourceTree = "<group>"; };
		285325CA2655276800677651 /* Info.plist */ = {isa = PBXFileReference; lastKnownFileType = text.plist.xml; path = Info.plist; sourceTree = "<group>"; };
		285325D32655309B00677651 /* MainViewController.swift */ = {isa = PBXFileReference; lastKnownFileType = sourcecode.swift; path = MainViewController.swift; sourceTree = "<group>"; };
		285325D6265530B100677651 /* ComposeViewController.swift */ = {isa = PBXFileReference; lastKnownFileType = sourcecode.swift; path = ComposeViewController.swift; sourceTree = "<group>"; };
		285325D9265530B900677651 /* DetailViewController.swift */ = {isa = PBXFileReference; lastKnownFileType = sourcecode.swift; path = DetailViewController.swift; sourceTree = "<group>"; };
		285325DC2655314B00677651 /* Memo.swift */ = {isa = PBXFileReference; lastKnownFileType = sourcecode.swift; path = Memo.swift; sourceTree = "<group>"; };
		285325E32655319E00677651 /* Storage.swift */ = {isa = PBXFileReference; lastKnownFileType = sourcecode.swift; path = Storage.swift; sourceTree = "<group>"; };
		285325E62655322300677651 /* MainViewControllerTableViewCell.swift */ = {isa = PBXFileReference; lastKnownFileType = sourcecode.swift; path = MainViewControllerTableViewCell.swift; sourceTree = "<group>"; };
/* End PBXFileReference section */

/* Begin PBXFrameworksBuildPhase section */
		285325B62655276600677651 /* Frameworks */ = {
			isa = PBXFrameworksBuildPhase;
			buildActionMask = 2147483647;
			files = (
			);
			runOnlyForDeploymentPostprocessing = 0;
		};
/* End PBXFrameworksBuildPhase section */

/* Begin PBXGroup section */
		285325B02655276600677651 = {
			isa = PBXGroup;
			children = (
				285325BB2655276600677651 /* SimpleMemo */,
				285325BA2655276600677651 /* Products */,
			);
			sourceTree = "<group>";
		};
		285325BA2655276600677651 /* Products */ = {
			isa = PBXGroup;
			children = (
				285325B92655276600677651 /* SimpleMemo.app */,
			);
			name = Products;
			sourceTree = "<group>";
		};
		285325BB2655276600677651 /* SimpleMemo */ = {
			isa = PBXGroup;
			children = (
				285325BC2655276600677651 /* AppDelegate.swift */,
				285325BE2655276600677651 /* SceneDelegate.swift */,
				285325DC2655314B00677651 /* Memo.swift */,
				285325E32655319E00677651 /* Storage.swift */,
				285325D32655309B00677651 /* MainViewController.swift */,
				285325E62655322300677651 /* MainViewControllerTableViewCell.swift */,
				285325D6265530B100677651 /* ComposeViewController.swift */,
				285325D9265530B900677651 /* DetailViewController.swift */,
				285325C22655276600677651 /* Main.storyboard */,
				285325C52655276800677651 /* Assets.xcassets */,
				285325C72655276800677651 /* LaunchScreen.storyboard */,
				285325CA2655276800677651 /* Info.plist */,
			);
			path = SimpleMemo;
			sourceTree = "<group>";
		};
/* End PBXGroup section */

/* Begin PBXNativeTarget section */
		285325B82655276600677651 /* SimpleMemo */ = {
			isa = PBXNativeTarget;
			buildConfigurationList = 285325CD2655276800677651 /* Build configuration list for PBXNativeTarget "SimpleMemo" */;
			buildPhases = (
				285325B52655276600677651 /* Sources */,
				285325B62655276600677651 /* Frameworks */,
				285325B72655276600677651 /* Resources */,
			);
			buildRules = (
			);
			dependencies = (
			);
			name = SimpleMemo;
			productName = SimpleMemo;
			productReference = 285325B92655276600677651 /* SimpleMemo.app */;
			productType = "com.apple.product-type.application";
		};
/* End PBXNativeTarget section */

/* Begin PBXProject section */
		285325B12655276600677651 /* Project object */ = {
			isa = PBXProject;
			attributes = {
				LastSwiftUpdateCheck = 1240;
				LastUpgradeCheck = 1240;
				TargetAttributes = {
					285325B82655276600677651 = {
						CreatedOnToolsVersion = 12.4;
					};
				};
			};
			buildConfigurationList = 285325B42655276600677651 /* Build configuration list for PBXProject "SimpleMemo" */;
			compatibilityVersion = "Xcode 9.3";
			developmentRegion = en;
			hasScannedForEncodings = 0;
			knownRegions = (
				en,
				Base,
			);
			mainGroup = 285325B02655276600677651;
			productRefGroup = 285325BA2655276600677651 /* Products */;
			projectDirPath = "";
			projectRoot = "";
			targets = (
				285325B82655276600677651 /* SimpleMemo */,
			);
		};
/* End PBXProject section */

/* Begin PBXResourcesBuildPhase section */
		285325B72655276600677651 /* Resources */ = {
			isa = PBXResourcesBuildPhase;
			buildActionMask = 2147483647;
			files = (
				285325C92655276800677651 /* LaunchScreen.storyboard in Resources */,
				285325C62655276800677651 /* Assets.xcassets in Resources */,
				285325C42655276600677651 /* Main.storyboard in Resources */,
			);
			runOnlyForDeploymentPostprocessing = 0;
		};
/* End PBXResourcesBuildPhase section */

/* Begin PBXSourcesBuildPhase section */
		285325B52655276600677651 /* Sources */ = {
			isa = PBXSourcesBuildPhase;
			buildActionMask = 2147483647;
			files = (
				285325D42655309B00677651 /* MainViewController.swift in Sources */,
				285325E42655319E00677651 /* Storage.swift in Sources */,
				285325BD2655276600677651 /* AppDelegate.swift in Sources */,
				285325DA265530B900677651 /* DetailViewController.swift in Sources */,
				285325DD2655314B00677651 /* Memo.swift in Sources */,
				285325BF2655276600677651 /* SceneDelegate.swift in Sources */,
				285325D7265530B100677651 /* ComposeViewController.swift in Sources */,
				285325E72655322300677651 /* MainViewControllerTableViewCell.swift in Sources */,
			);
			runOnlyForDeploymentPostprocessing = 0;
		};
/* End PBXSourcesBuildPhase section */

/* Begin PBXVariantGroup section */
		285325C22655276600677651 /* Main.storyboard */ = {
			isa = PBXVariantGroup;
			children = (
				285325C32655276600677651 /* Base */,
			);
			name = Main.storyboard;
			sourceTree = "<group>";
		};
		285325C72655276800677651 /* LaunchScreen.storyboard */ = {
			isa = PBXVariantGroup;
			children = (
				285325C82655276800677651 /* Base */,
			);
			name = LaunchScreen.storyboard;
			sourceTree = "<group>";
		};
/* End PBXVariantGroup section */

/* Begin XCBuildConfiguration section */
		285325CB2655276800677651 /* Debug */ = {
			isa = XCBuildConfiguration;
			buildSettings = {
				ALWAYS_SEARCH_USER_PATHS = NO;
				CLANG_ANALYZER_NONNULL = YES;
				CLANG_ANALYZER_NUMBER_OBJECT_CONVERSION = YES_AGGRESSIVE;
				CLANG_CXX_LANGUAGE_STANDARD = "gnu++14";
				CLANG_CXX_LIBRARY = "libc++";
				CLANG_ENABLE_MODULES = YES;
				CLANG_ENABLE_OBJC_ARC = YES;
				CLANG_ENABLE_OBJC_WEAK = YES;
				CLANG_WARN_BLOCK_CAPTURE_AUTORELEASING = YES;
				CLANG_WARN_BOOL_CONVERSION = YES;
				CLANG_WARN_COMMA = YES;
				CLANG_WARN_CONSTANT_CONVERSION = YES;
				CLANG_WARN_DEPRECATED_OBJC_IMPLEMENTATIONS = YES;
				CLANG_WARN_DIRECT_OBJC_ISA_USAGE = YES_ERROR;
				CLANG_WARN_DOCUMENTATION_COMMENTS = YES;
				CLANG_WARN_EMPTY_BODY = YES;
				CLANG_WARN_ENUM_CONVERSION = YES;
				CLANG_WARN_INFINITE_RECURSION = YES;
				CLANG_WARN_INT_CONVERSION = YES;
				CLANG_WARN_NON_LITERAL_NULL_CONVERSION = YES;
				CLANG_WARN_OBJC_IMPLICIT_RETAIN_SELF = YES;
				CLANG_WARN_OBJC_LITERAL_CONVERSION = YES;
				CLANG_WARN_OBJC_ROOT_CLASS = YES_ERROR;
				CLANG_WARN_QUOTED_INCLUDE_IN_FRAMEWORK_HEADER = YES;
				CLANG_WARN_RANGE_LOOP_ANALYSIS = YES;
				CLANG_WARN_STRICT_PROTOTYPES = YES;
				CLANG_WARN_SUSPICIOUS_MOVE = YES;
				CLANG_WARN_UNGUARDED_AVAILABILITY = YES_AGGRESSIVE;
				CLANG_WARN_UNREACHABLE_CODE = YES;
				CLANG_WARN__DUPLICATE_METHOD_MATCH = YES;
				COPY_PHASE_STRIP = NO;
				DEBUG_INFORMATION_FORMAT = dwarf;
				ENABLE_STRICT_OBJC_MSGSEND = YES;
				ENABLE_TESTABILITY = YES;
				GCC_C_LANGUAGE_STANDARD = gnu11;
				GCC_DYNAMIC_NO_PIC = NO;
				GCC_NO_COMMON_BLOCKS = YES;
				GCC_OPTIMIZATION_LEVEL = 0;
				GCC_PREPROCESSOR_DEFINITIONS = (
					"DEBUG=1",
					"$(inherited)",
				);
				GCC_WARN_64_TO_32_BIT_CONVERSION = YES;
				GCC_WARN_ABOUT_RETURN_TYPE = YES_ERROR;
				GCC_WARN_UNDECLARED_SELECTOR = YES;
				GCC_WARN_UNINITIALIZED_AUTOS = YES_AGGRESSIVE;
				GCC_WARN_UNUSED_FUNCTION = YES;
				GCC_WARN_UNUSED_VARIABLE = YES;
				IPHONEOS_DEPLOYMENT_TARGET = 14.4;
				MTL_ENABLE_DEBUG_INFO = INCLUDE_SOURCE;
				MTL_FAST_MATH = YES;
				ONLY_ACTIVE_ARCH = YES;
				SDKROOT = iphoneos;
				SWIFT_ACTIVE_COMPILATION_CONDITIONS = DEBUG;
				SWIFT_OPTIMIZATION_LEVEL = "-Onone";
			};
			name = Debug;
		};
		285325CC2655276800677651 /* Release */ = {
			isa = XCBuildConfiguration;
			buildSettings = {
				ALWAYS_SEARCH_USER_PATHS = NO;
				CLANG_ANALYZER_NONNULL = YES;
				CLANG_ANALYZER_NUMBER_OBJECT_CONVERSION = YES_AGGRESSIVE;
				CLANG_CXX_LANGUAGE_STANDARD = "gnu++14";
				CLANG_CXX_LIBRARY = "libc++";
				CLANG_ENABLE_MODULES = YES;
				CLANG_ENABLE_OBJC_ARC = YES;
				CLANG_ENABLE_OBJC_WEAK = YES;
				CLANG_WARN_BLOCK_CAPTURE_AUTORELEASING = YES;
				CLANG_WARN_BOOL_CONVERSION = YES;
				CLANG_WARN_COMMA = YES;
				CLANG_WARN_CONSTANT_CONVERSION = YES;
				CLANG_WARN_DEPRECATED_OBJC_IMPLEMENTATIONS = YES;
				CLANG_WARN_DIRECT_OBJC_ISA_USAGE = YES_ERROR;
				CLANG_WARN_DOCUMENTATION_COMMENTS = YES;
				CLANG_WARN_EMPTY_BODY = YES;
				CLANG_WARN_ENUM_CONVERSION = YES;
				CLANG_WARN_INFINITE_RECURSION = YES;
				CLANG_WARN_INT_CONVERSION = YES;
				CLANG_WARN_NON_LITERAL_NULL_CONVERSION = YES;
				CLANG_WARN_OBJC_IMPLICIT_RETAIN_SELF = YES;
				CLANG_WARN_OBJC_LITERAL_CONVERSION = YES;
				CLANG_WARN_OBJC_ROOT_CLASS = YES_ERROR;
				CLANG_WARN_QUOTED_INCLUDE_IN_FRAMEWORK_HEADER = YES;
				CLANG_WARN_RANGE_LOOP_ANALYSIS = YES;
				CLANG_WARN_STRICT_PROTOTYPES = YES;
				CLANG_WARN_SUSPICIOUS_MOVE = YES;
				CLANG_WARN_UNGUARDED_AVAILABILITY = YES_AGGRESSIVE;
				CLANG_WARN_UNREACHABLE_CODE = YES;
				CLANG_WARN__DUPLICATE_METHOD_MATCH = YES;
				COPY_PHASE_STRIP = NO;
				DEBUG_INFORMATION_FORMAT = "dwarf-with-dsym";
				ENABLE_NS_ASSERTIONS = NO;
				ENABLE_STRICT_OBJC_MSGSEND = YES;
				GCC_C_LANGUAGE_STANDARD = gnu11;
				GCC_NO_COMMON_BLOCKS = YES;
				GCC_WARN_64_TO_32_BIT_CONVERSION = YES;
				GCC_WARN_ABOUT_RETURN_TYPE = YES_ERROR;
				GCC_WARN_UNDECLARED_SELECTOR = YES;
				GCC_WARN_UNINITIALIZED_AUTOS = YES_AGGRESSIVE;
				GCC_WARN_UNUSED_FUNCTION = YES;
				GCC_WARN_UNUSED_VARIABLE = YES;
				IPHONEOS_DEPLOYMENT_TARGET = 14.4;
				MTL_ENABLE_DEBUG_INFO = NO;
				MTL_FAST_MATH = YES;
				SDKROOT = iphoneos;
				SWIFT_COMPILATION_MODE = wholemodule;
				SWIFT_OPTIMIZATION_LEVEL = "-O";
				VALIDATE_PRODUCT = YES;
			};
			name = Release;
		};
		285325CE2655276800677651 /* Debug */ = {
			isa = XCBuildConfiguration;
			buildSettings = {
				ASSETCATALOG_COMPILER_APPICON_NAME = AppIcon;
				ASSETCATALOG_COMPILER_GLOBAL_ACCENT_COLOR_NAME = AccentColor;
				CODE_SIGN_STYLE = Automatic;
				DEVELOPMENT_TEAM = 79HR3ZDD5X;
				INFOPLIST_FILE = SimpleMemo/Info.plist;
				LD_RUNPATH_SEARCH_PATHS = (
					"$(inherited)",
					"@executable_path/Frameworks",
				);
				PRODUCT_BUNDLE_IDENTIFIER = com.moon.SimpleMemo;
				PRODUCT_NAME = "$(TARGET_NAME)";
				SWIFT_VERSION = 5.0;
				TARGETED_DEVICE_FAMILY = "1,2";
			};
			name = Debug;
		};
		285325CF2655276800677651 /* Release */ = {
			isa = XCBuildConfiguration;
			buildSettings = {
				ASSETCATALOG_COMPILER_APPICON_NAME = AppIcon;
				ASSETCATALOG_COMPILER_GLOBAL_ACCENT_COLOR_NAME = AccentColor;
				CODE_SIGN_STYLE = Automatic;
				DEVELOPMENT_TEAM = 79HR3ZDD5X;
				INFOPLIST_FILE = SimpleMemo/Info.plist;
				LD_RUNPATH_SEARCH_PATHS = (
					"$(inherited)",
					"@executable_path/Frameworks",
				);
				PRODUCT_BUNDLE_IDENTIFIER = com.moon.SimpleMemo;
				PRODUCT_NAME = "$(TARGET_NAME)";
				SWIFT_VERSION = 5.0;
				TARGETED_DEVICE_FAMILY = "1,2";
			};
			name = Release;
		};
/* End XCBuildConfiguration section */

/* Begin XCConfigurationList section */
		285325B42655276600677651 /* Build configuration list for PBXProject "SimpleMemo" */ = {
			isa = XCConfigurationList;
			buildConfigurations = (
				285325CB2655276800677651 /* Debug */,
				285325CC2655276800677651 /* Release */,
			);
			defaultConfigurationIsVisible = 0;
			defaultConfigurationName = Release;
		};
		285325CD2655276800677651 /* Build configuration list for PBXNativeTarget "SimpleMemo" */ = {
			isa = XCConfigurationList;
			buildConfigurations = (
				285325CE2655276800677651 /* Debug */,
				285325CF2655276800677651 /* Release */,
			);
			defaultConfigurationIsVisible = 0;
			defaultConfigurationName = Release;
		};
/* End XCConfigurationList section */
	};
	rootObject = 285325B12655276600677651 /* Project object */;
}
